
Microsoft Visual Studio Solution File, Format Version 12.00
# Visual Studio Version 17
VisualStudioVersion = 17.1.32210.238
MinimumVisualStudioVersion = 10.0.40219.1
Project("{8BC9CEB8-8B4A-11D0-8D11-00A0C91BC942}") = "PingPong", "PingPong\PingPong.vcxproj", "{8AC7E6BF-4B81-4775-B3A3-33EB7AF16D11}"
EndProject
Project("{8BC9CEB8-8B4A-11D0-8D11-00A0C91BC942}") = "SpookyEngine", "SpookyEngine\SpookyEngine.vcxproj", "{442DF639-9F36-4B36-B23D-9E06E8D98439}"
EndProject
Global
	GlobalSection(SolutionConfigurationPlatforms) = preSolution
		Debug|x64 = Debug|x64
		Debug|x86 = Debug|x86
		Release|x64 = Release|x64
		Release|x86 = Release|x86
	EndGlobalSection
	GlobalSection(ProjectConfigurationPlatforms) = postSolution
		{8AC7E6BF-4B81-4775-B3A3-33EB7AF16D11}.Debug|x64.ActiveCfg = Debug|x64
		{8AC7E6BF-4B81-4775-B3A3-33EB7AF16D11}.Debug|x64.Build.0 = Debug|x64
		{8AC7E6BF-4B81-4775-B3A3-33EB7AF16D11}.Debug|x86.ActiveCfg = Debug|Win32
		{8AC7E6BF-4B81-4775-B3A3-33EB7AF16D11}.Debug|x86.Build.0 = Debug|Win32
		{8AC7E6BF-4B81-4775-B3A3-33EB7AF16D11}.Release|x64.ActiveCfg = Release|x64
		{8AC7E6BF-4B81-4775-B3A3-33EB7AF16D11}.Release|x64.Build.0 = Release|x64
		{8AC7E6BF-4B81-4775-B3A3-33EB7AF16D11}.Release|x86.ActiveCfg = Release|Win32
		{8AC7E6BF-4B81-4775-B3A3-33EB7AF16D11}.Release|x86.Build.0 = Release|Win32
		{442DF639-9F36-4B36-B23D-9E06E8D98439}.Debug|x64.ActiveCfg = Debug|x64
		{442DF639-9F36-4B36-B23D-9E06E8D98439}.Debug|x64.Build.0 = Debug|x64
		{442DF639-9F36-4B36-B23D-9E06E8D98439}.Debug|x86.ActiveCfg = Debug|Win32
		{442DF639-9F36-4B36-B23D-9E06E8D98439}.Debug|x86.Build.0 = Debug|Win32
		{442DF639-9F36-4B36-B23D-9E06E8D98439}.Release|x64.ActiveCfg = Release|x64
		{442DF639-9F36-4B36-B23D-9E06E8D98439}.Release|x64.Build.0 = Release|x64
		{442DF639-9F36-4B36-B23D-9E06E8D98439}.Release|x86.ActiveCfg = Release|Win32
		{442DF639-9F36-4B36-B23D-9E06E8D98439}.Release|x86.Build.0 = Release|Win32
	EndGlobalSection
	GlobalSection(SolutionProperties) = preSolution
		HideSolutionNode = FALSE
	EndGlobalSection
	GlobalSection(ExtensibilityGlobals) = postSolution
		SolutionGuid = {A35AAC89-CF89-48C0-AC44-605B1264E8BE}
	EndGlobalSection
EndGlobal
